<Solution>
  <Folder Name="/Business/">
    <Project Path="FOS.Business/FOS.Business.csproj" Id="c9d401df-4c9b-4a67-b04e-f1268baa9f45" />
    <Project Path="TGGD.Business/TGGD.Business.csproj" Id="dfc04016-a942-48b2-aaf9-7359a9d4f8ff" />
  </Folder>
  <Folder Name="/Solution Items/">
    <File Path=".editorconfig" />
  </Folder>
  <Folder Name="/UI/">
    <Project Path="FOS.UI/FOS.UI.csproj" Id="61e5d5b8-b4fa-499b-94ff-dd4870fa387d" />
    <Project Path="TGGD.UI/TGGD.UI.csproj" Id="6b06e7bd-0b88-4c73-adc1-3eb2a14d8cee" />
  </Folder>
  <Project Path="FerreterOfSplorr/FerreterOfSplorr.csproj" />
  <Project Path="FOS.Data/FOS.Data.csproj" Id="b862689f-4678-4058-9fed-e7d81f52dec0" />
</Solution>
